// !$*UTF8*$!
{
	archiveVersion = 1;
	classes = {
	};
	objectVersion = 55;
	objects = {

/* Begin PBXBuildFile section */
		20633E5128D61AD900266C3C /* Notes.swift in Sources */ = {isa = PBXBuildFile; fileRef = 20633E5028D61AD900266C3C /* Notes.swift */; };
		20633E5328D7641D00266C3C /* Card.swift in Sources */ = {isa = PBXBuildFile; fileRef = 20633E5228D7641D00266C3C /* Card.swift */; };
		373D783E28D614EA0011B39B /* swiftui_tutorialApp.swift in Sources */ = {isa = PBXBuildFile; fileRef = 373D783D28D614EA0011B39B /* swiftui_tutorialApp.swift */; };
		373D784028D614EA0011B39B /* NotesPage.swift in Sources */ = {isa = PBXBuildFile; fileRef = 373D783F28D614EA0011B39B /* NotesPage.swift */; };
		373D784228D614ED0011B39B /* Assets.xcassets in Resources */ = {isa = PBXBuildFile; fileRef = 373D784128D614ED0011B39B /* Assets.xcassets */; };
		373D784528D614ED0011B39B /* Preview Assets.xcassets in Resources */ = {isa = PBXBuildFile; fileRef = 373D784428D614ED0011B39B /* Preview Assets.xcassets */; };
		373D784F28D614ED0011B39B /* swiftui_tutorialTests.swift in Sources */ = {isa = PBXBuildFile; fileRef = 373D784E28D614ED0011B39B /* swiftui_tutorialTests.swift */; };
		373D785928D614ED0011B39B /* swiftui_tutorialUITests.swift in Sources */ = {isa = PBXBuildFile; fileRef = 373D785828D614ED0011B39B /* swiftui_tutorialUITests.swift */; };
		373D785B28D614ED0011B39B /* swiftui_tutorialUITestsLaunchTests.swift in Sources */ = {isa = PBXBuildFile; fileRef = 373D785A28D614ED0011B39B /* swiftui_tutorialUITestsLaunchTests.swift */; };
		A30A648128D6289700180CAC /* Note.swift in Sources */ = {isa = PBXBuildFile; fileRef = A30A648028D6289700180CAC /* Note.swift */; };
		A30D70A828E35F0C005E8EE1 /* SignUpScreen.swift in Sources */ = {isa = PBXBuildFile; fileRef = A30D70A728E35F0C005E8EE1 /* SignUpScreen.swift */; };
		A36EA74A28E61CEE0074E0A6 /* LaunchScreen.storyboard in Resources */ = {isa = PBXBuildFile; fileRef = A36EA74928E61CEE0074E0A6 /* LaunchScreen.storyboard */; };
		A38E651528E8940F003A8568 /* LoginScreen.swift in Sources */ = {isa = PBXBuildFile; fileRef = A38E651428E8940F003A8568 /* LoginScreen.swift */; };
		A38E651A28E89C6D003A8568 /* FirebaseAuth in Frameworks */ = {isa = PBXBuildFile; productRef = A38E651928E89C6D003A8568 /* FirebaseAuth */; };
		A38E651C28E89C6D003A8568 /* FirebaseFirestore in Frameworks */ = {isa = PBXBuildFile; productRef = A38E651B28E89C6D003A8568 /* FirebaseFirestore */; };
		A38E651E28E89C6D003A8568 /* FirebaseFirestoreCombine-Community in Frameworks */ = {isa = PBXBuildFile; productRef = A38E651D28E89C6D003A8568 /* FirebaseFirestoreCombine-Community */; };
		A38E652028E89C6D003A8568 /* FirebaseFirestoreSwift in Frameworks */ = {isa = PBXBuildFile; productRef = A38E651F28E89C6D003A8568 /* FirebaseFirestoreSwift */; };
		A3EAEEAB28E8A56700623D3C /* User.swift in Sources */ = {isa = PBXBuildFile; fileRef = A3EAEEAA28E8A56700623D3C /* User.swift */; };
		A3EAEEAD28E8A61000623D3C /* UserViewModel.swift in Sources */ = {isa = PBXBuildFile; fileRef = A3EAEEAC28E8A61000623D3C /* UserViewModel.swift */; };
		A3EAEEB428E9172B00623D3C /* GoogleService-Info.plist in Resources */ = {isa = PBXBuildFile; fileRef = A3EAEEB328E9172B00623D3C /* GoogleService-Info.plist */; };
		A3EAEEB628EA4DC400623D3C /* Errors.swift in Sources */ = {isa = PBXBuildFile; fileRef = A3EAEEB528EA4DC400623D3C /* Errors.swift */; };
		A3EAEEB928EA5C8200623D3C /* CodingKeys.swift in Sources */ = {isa = PBXBuildFile; fileRef = A3EAEEB828EA5C8200623D3C /* CodingKeys.swift */; };
/* End PBXBuildFile section */

/* Begin PBXContainerItemProxy section */
		373D784B28D614ED0011B39B /* PBXContainerItemProxy */ = {
			isa = PBXContainerItemProxy;
			containerPortal = 373D783228D614EA0011B39B /* Project object */;
			proxyType = 1;
			remoteGlobalIDString = 373D783928D614EA0011B39B;
			remoteInfo = "swiftui-tutorial";
		};
		373D785528D614ED0011B39B /* PBXContainerItemProxy */ = {
			isa = PBXContainerItemProxy;
			containerPortal = 373D783228D614EA0011B39B /* Project object */;
			proxyType = 1;
			remoteGlobalIDString = 373D783928D614EA0011B39B;
			remoteInfo = "swiftui-tutorial";
		};
/* End PBXContainerItemProxy section */

/* Begin PBXFileReference section */
		20633E5028D61AD900266C3C /* Notes.swift */ = {isa = PBXFileReference; lastKnownFileType = sourcecode.swift; path = Notes.swift; sourceTree = "<group>"; };
		20633E5228D7641D00266C3C /* Card.swift */ = {isa = PBXFileReference; lastKnownFileType = sourcecode.swift; path = Card.swift; sourceTree = "<group>"; };
		373D783A28D614EA0011B39B /* swiftui-tutorial.app */ = {isa = PBXFileReference; explicitFileType = wrapper.application; includeInIndex = 0; path = "swiftui-tutorial.app"; sourceTree = BUILT_PRODUCTS_DIR; };
		373D783D28D614EA0011B39B /* swiftui_tutorialApp.swift */ = {isa = PBXFileReference; lastKnownFileType = sourcecode.swift; path = swiftui_tutorialApp.swift; sourceTree = "<group>"; };
		373D783F28D614EA0011B39B /* NotesPage.swift */ = {isa = PBXFileReference; lastKnownFileType = sourcecode.swift; path = NotesPage.swift; sourceTree = "<group>"; };
		373D784128D614ED0011B39B /* Assets.xcassets */ = {isa = PBXFileReference; lastKnownFileType = folder.assetcatalog; path = Assets.xcassets; sourceTree = "<group>"; };
		373D784428D614ED0011B39B /* Preview Assets.xcassets */ = {isa = PBXFileReference; lastKnownFileType = folder.assetcatalog; path = "Preview Assets.xcassets"; sourceTree = "<group>"; };
		373D784A28D614ED0011B39B /* swiftui-tutorialTests.xctest */ = {isa = PBXFileReference; explicitFileType = wrapper.cfbundle; includeInIndex = 0; path = "swiftui-tutorialTests.xctest"; sourceTree = BUILT_PRODUCTS_DIR; };
		373D784E28D614ED0011B39B /* swiftui_tutorialTests.swift */ = {isa = PBXFileReference; lastKnownFileType = sourcecode.swift; path = swiftui_tutorialTests.swift; sourceTree = "<group>"; };
		373D785428D614ED0011B39B /* swiftui-tutorialUITests.xctest */ = {isa = PBXFileReference; explicitFileType = wrapper.cfbundle; includeInIndex = 0; path = "swiftui-tutorialUITests.xctest"; sourceTree = BUILT_PRODUCTS_DIR; };
		373D785828D614ED0011B39B /* swiftui_tutorialUITests.swift */ = {isa = PBXFileReference; lastKnownFileType = sourcecode.swift; path = swiftui_tutorialUITests.swift; sourceTree = "<group>"; };
		373D785A28D614ED0011B39B /* swiftui_tutorialUITestsLaunchTests.swift */ = {isa = PBXFileReference; lastKnownFileType = sourcecode.swift; path = swiftui_tutorialUITestsLaunchTests.swift; sourceTree = "<group>"; };
		A30A648028D6289700180CAC /* Note.swift */ = {isa = PBXFileReference; lastKnownFileType = sourcecode.swift; path = Note.swift; sourceTree = "<group>"; };
		A30D70A728E35F0C005E8EE1 /* SignUpScreen.swift */ = {isa = PBXFileReference; lastKnownFileType = sourcecode.swift; path = SignUpScreen.swift; sourceTree = "<group>"; };
		A36EA74928E61CEE0074E0A6 /* LaunchScreen.storyboard */ = {isa = PBXFileReference; lastKnownFileType = file.storyboard; path = LaunchScreen.storyboard; sourceTree = "<group>"; };
		A38E651428E8940F003A8568 /* LoginScreen.swift */ = {isa = PBXFileReference; lastKnownFileType = sourcecode.swift; path = LoginScreen.swift; sourceTree = "<group>"; };
		A3EAEEAA28E8A56700623D3C /* User.swift */ = {isa = PBXFileReference; lastKnownFileType = sourcecode.swift; path = User.swift; sourceTree = "<group>"; };
		A3EAEEAC28E8A61000623D3C /* UserViewModel.swift */ = {isa = PBXFileReference; lastKnownFileType = sourcecode.swift; path = UserViewModel.swift; sourceTree = "<group>"; };
		A3EAEEB328E9172B00623D3C /* GoogleService-Info.plist */ = {isa = PBXFileReference; fileEncoding = 4; lastKnownFileType = text.plist.xml; name = "GoogleService-Info.plist"; path = "../../../../../Downloads/GoogleService-Info.plist"; sourceTree = "<group>"; };
		A3EAEEB528EA4DC400623D3C /* Errors.swift */ = {isa = PBXFileReference; lastKnownFileType = sourcecode.swift; path = Errors.swift; sourceTree = "<group>"; };
		A3EAEEB828EA5C8200623D3C /* CodingKeys.swift */ = {isa = PBXFileReference; lastKnownFileType = sourcecode.swift; path = CodingKeys.swift; sourceTree = "<group>"; };
/* End PBXFileReference section */

/* Begin PBXFrameworksBuildPhase section */
		373D783728D614EA0011B39B /* Frameworks */ = {
			isa = PBXFrameworksBuildPhase;
			buildActionMask = 2147483647;
			files = (
				A38E651E28E89C6D003A8568 /* FirebaseFirestoreCombine-Community in Frameworks */,
				A38E651A28E89C6D003A8568 /* FirebaseAuth in Frameworks */,
				A38E651C28E89C6D003A8568 /* FirebaseFirestore in Frameworks */,
				A38E652028E89C6D003A8568 /* FirebaseFirestoreSwift in Frameworks */,
			);
			runOnlyForDeploymentPostprocessing = 0;
		};
		373D784728D614ED0011B39B /* Frameworks */ = {
			isa = PBXFrameworksBuildPhase;
			buildActionMask = 2147483647;
			files = (
			);
			runOnlyForDeploymentPostprocessing = 0;
		};
		373D785128D614ED0011B39B /* Frameworks */ = {
			isa = PBXFrameworksBuildPhase;
			buildActionMask = 2147483647;
			files = (
			);
			runOnlyForDeploymentPostprocessing = 0;
		};
/* End PBXFrameworksBuildPhase section */

/* Begin PBXGroup section */
		373D783128D614EA0011B39B = {
			isa = PBXGroup;
			children = (
				A3EAEEB728EA5C4900623D3C /* CodeYouDontNeedToUnderstandRightNow */,
				373D783C28D614EA0011B39B /* swiftui-tutorial */,
				373D784D28D614ED0011B39B /* swiftui-tutorialTests */,
				373D785728D614ED0011B39B /* swiftui-tutorialUITests */,
				373D783B28D614EA0011B39B /* Products */,
			);
			sourceTree = "<group>";
		};
		373D783B28D614EA0011B39B /* Products */ = {
			isa = PBXGroup;
			children = (
				373D783A28D614EA0011B39B /* swiftui-tutorial.app */,
				373D784A28D614ED0011B39B /* swiftui-tutorialTests.xctest */,
				373D785428D614ED0011B39B /* swiftui-tutorialUITests.xctest */,
			);
			name = Products;
			sourceTree = "<group>";
		};
		373D783C28D614EA0011B39B /* swiftui-tutorial */ = {
			isa = PBXGroup;
			children = (
				A3EAEEB328E9172B00623D3C /* GoogleService-Info.plist */,
				373D783D28D614EA0011B39B /* swiftui_tutorialApp.swift */,
				A3733B8828E892520097B83B /* Model */,
				A3733B8628E8922C0097B83B /* View */,
				373D784128D614ED0011B39B /* Assets.xcassets */,
				373D784328D614ED0011B39B /* Preview Content */,
				A36EA74928E61CEE0074E0A6 /* LaunchScreen.storyboard */,
			);
			path = "swiftui-tutorial";
			sourceTree = "<group>";
		};
		373D784328D614ED0011B39B /* Preview Content */ = {
			isa = PBXGroup;
			children = (
				373D784428D614ED0011B39B /* Preview Assets.xcassets */,
			);
			path = "Preview Content";
			sourceTree = "<group>";
		};
		373D784D28D614ED0011B39B /* swiftui-tutorialTests */ = {
			isa = PBXGroup;
			children = (
				373D784E28D614ED0011B39B /* swiftui_tutorialTests.swift */,
			);
			path = "swiftui-tutorialTests";
			sourceTree = "<group>";
		};
		373D785728D614ED0011B39B /* swiftui-tutorialUITests */ = {
			isa = PBXGroup;
			children = (
				373D785828D614ED0011B39B /* swiftui_tutorialUITests.swift */,
				373D785A28D614ED0011B39B /* swiftui_tutorialUITestsLaunchTests.swift */,
			);
			path = "swiftui-tutorialUITests";
			sourceTree = "<group>";
		};
		A3733B8628E8922C0097B83B /* View */ = {
			isa = PBXGroup;
			children = (
				373D783F28D614EA0011B39B /* NotesPage.swift */,
				A30D70A728E35F0C005E8EE1 /* SignUpScreen.swift */,
				20633E5228D7641D00266C3C /* Card.swift */,
				A38E651428E8940F003A8568 /* LoginScreen.swift */,
			);
			path = View;
			sourceTree = "<group>";
		};
		A3733B8828E892520097B83B /* Model */ = {
			isa = PBXGroup;
			children = (
				20633E5028D61AD900266C3C /* Notes.swift */,
				A30A648028D6289700180CAC /* Note.swift */,
				A3EAEEAA28E8A56700623D3C /* User.swift */,
				A3EAEEAC28E8A61000623D3C /* UserViewModel.swift */,
			);
			path = Model;
			sourceTree = "<group>";
		};
		A3EAEEB728EA5C4900623D3C /* CodeYouDontNeedToUnderstandRightNow */ = {
			isa = PBXGroup;
			children = (
				A3EAEEB528EA4DC400623D3C /* Errors.swift */,
				A3EAEEB828EA5C8200623D3C /* CodingKeys.swift */,
			);
			path = CodeYouDontNeedToUnderstandRightNow;
			sourceTree = "<group>";
		};
/* End PBXGroup section */

/* Begin PBXNativeTarget section */
		373D783928D614EA0011B39B /* swiftui-tutorial */ = {
			isa = PBXNativeTarget;
			buildConfigurationList = 373D785E28D614ED0011B39B /* Build configuration list for PBXNativeTarget "swiftui-tutorial" */;
			buildPhases = (
				373D783628D614EA0011B39B /* Sources */,
				373D783728D614EA0011B39B /* Frameworks */,
				373D783828D614EA0011B39B /* Resources */,
			);
			buildRules = (
			);
			dependencies = (
			);
			name = "swiftui-tutorial";
			packageProductDependencies = (
				A38E651928E89C6D003A8568 /* FirebaseAuth */,
				A38E651B28E89C6D003A8568 /* FirebaseFirestore */,
				A38E651D28E89C6D003A8568 /* FirebaseFirestoreCombine-Community */,
				A38E651F28E89C6D003A8568 /* FirebaseFirestoreSwift */,
			);
			productName = "swiftui-tutorial";
			productReference = 373D783A28D614EA0011B39B /* swiftui-tutorial.app */;
			productType = "com.apple.product-type.application";
		};
		373D784928D614ED0011B39B /* swiftui-tutorialTests */ = {
			isa = PBXNativeTarget;
			buildConfigurationList = 373D786128D614ED0011B39B /* Build configuration list for PBXNativeTarget "swiftui-tutorialTests" */;
			buildPhases = (
				373D784628D614ED0011B39B /* Sources */,
				373D784728D614ED0011B39B /* Frameworks */,
				373D784828D614ED0011B39B /* Resources */,
			);
			buildRules = (
			);
			dependencies = (
				373D784C28D614ED0011B39B /* PBXTargetDependency */,
			);
			name = "swiftui-tutorialTests";
			productName = "swiftui-tutorialTests";
			productReference = 373D784A28D614ED0011B39B /* swiftui-tutorialTests.xctest */;
			productType = "com.apple.product-type.bundle.unit-test";
		};
		373D785328D614ED0011B39B /* swiftui-tutorialUITests */ = {
			isa = PBXNativeTarget;
			buildConfigurationList = 373D786428D614ED0011B39B /* Build configuration list for PBXNativeTarget "swiftui-tutorialUITests" */;
			buildPhases = (
				373D785028D614ED0011B39B /* Sources */,
				373D785128D614ED0011B39B /* Frameworks */,
				373D785228D614ED0011B39B /* Resources */,
			);
			buildRules = (
			);
			dependencies = (
				373D785628D614ED0011B39B /* PBXTargetDependency */,
			);
			name = "swiftui-tutorialUITests";
			productName = "swiftui-tutorialUITests";
			productReference = 373D785428D614ED0011B39B /* swiftui-tutorialUITests.xctest */;
			productType = "com.apple.product-type.bundle.ui-testing";
		};
/* End PBXNativeTarget section */

/* Begin PBXProject section */
		373D783228D614EA0011B39B /* Project object */ = {
			isa = PBXProject;
			attributes = {
				BuildIndependentTargetsInParallel = 1;
				LastSwiftUpdateCheck = 1340;
				LastUpgradeCheck = 1340;
				TargetAttributes = {
					373D783928D614EA0011B39B = {
						CreatedOnToolsVersion = 13.4.1;
					};
					373D784928D614ED0011B39B = {
						CreatedOnToolsVersion = 13.4.1;
						TestTargetID = 373D783928D614EA0011B39B;
					};
					373D785328D614ED0011B39B = {
						CreatedOnToolsVersion = 13.4.1;
						TestTargetID = 373D783928D614EA0011B39B;
					};
				};
			};
			buildConfigurationList = 373D783528D614EA0011B39B /* Build configuration list for PBXProject "swiftui-tutorial" */;
			compatibilityVersion = "Xcode 13.0";
			developmentRegion = en;
			hasScannedForEncodings = 0;
			knownRegions = (
				en,
				Base,
			);
			mainGroup = 373D783128D614EA0011B39B;
			packageReferences = (
				A38E651828E89C6D003A8568 /* XCRemoteSwiftPackageReference "firebase-ios-sdk" */,
			);
			productRefGroup = 373D783B28D614EA0011B39B /* Products */;
			projectDirPath = "";
			projectRoot = "";
			targets = (
				373D783928D614EA0011B39B /* swiftui-tutorial */,
				373D784928D614ED0011B39B /* swiftui-tutorialTests */,
				373D785328D614ED0011B39B /* swiftui-tutorialUITests */,
			);
		};
/* End PBXProject section */

/* Begin PBXResourcesBuildPhase section */
		373D783828D614EA0011B39B /* Resources */ = {
			isa = PBXResourcesBuildPhase;
			buildActionMask = 2147483647;
			files = (
				A36EA74A28E61CEE0074E0A6 /* LaunchScreen.storyboard in Resources */,
				A3EAEEB428E9172B00623D3C /* GoogleService-Info.plist in Resources */,
				373D784528D614ED0011B39B /* Preview Assets.xcassets in Resources */,
				373D784228D614ED0011B39B /* Assets.xcassets in Resources */,
			);
			runOnlyForDeploymentPostprocessing = 0;
		};
		373D784828D614ED0011B39B /* Resources */ = {
			isa = PBXResourcesBuildPhase;
			buildActionMask = 2147483647;
			files = (
			);
			runOnlyForDeploymentPostprocessing = 0;
		};
		373D785228D614ED0011B39B /* Resources */ = {
			isa = PBXResourcesBuildPhase;
			buildActionMask = 2147483647;
			files = (
			);
			runOnlyForDeploymentPostprocessing = 0;
		};
/* End PBXResourcesBuildPhase section */

/* Begin PBXSourcesBuildPhase section */
		373D783628D614EA0011B39B /* Sources */ = {
			isa = PBXSourcesBuildPhase;
			buildActionMask = 2147483647;
			files = (
				373D784028D614EA0011B39B /* NotesPage.swift in Sources */,
				A30D70A828E35F0C005E8EE1 /* SignUpScreen.swift in Sources */,
				373D783E28D614EA0011B39B /* swiftui_tutorialApp.swift in Sources */,
				A3EAEEAD28E8A61000623D3C /* UserViewModel.swift in Sources */,
				20633E5328D7641D00266C3C /* Card.swift in Sources */,
				A38E651528E8940F003A8568 /* LoginScreen.swift in Sources */,
				A3EAEEB628EA4DC400623D3C /* Errors.swift in Sources */,
				A3EAEEAB28E8A56700623D3C /* User.swift in Sources */,
				20633E5128D61AD900266C3C /* Notes.swift in Sources */,
				A3EAEEB928EA5C8200623D3C /* CodingKeys.swift in Sources */,
				A30A648128D6289700180CAC /* Note.swift in Sources */,
			);
			runOnlyForDeploymentPostprocessing = 0;
		};
		373D784628D614ED0011B39B /* Sources */ = {
			isa = PBXSourcesBuildPhase;
			buildActionMask = 2147483647;
			files = (
				373D784F28D614ED0011B39B /* swiftui_tutorialTests.swift in Sources */,
			);
			runOnlyForDeploymentPostprocessing = 0;
		};
		373D785028D614ED0011B39B /* Sources */ = {
			isa = PBXSourcesBuildPhase;
			buildActionMask = 2147483647;
			files = (
				373D785B28D614ED0011B39B /* swiftui_tutorialUITestsLaunchTests.swift in Sources */,
				373D785928D614ED0011B39B /* swiftui_tutorialUITests.swift in Sources */,
			);
			runOnlyForDeploymentPostprocessing = 0;
		};
/* End PBXSourcesBuildPhase section */

/* Begin PBXTargetDependency section */
		373D784C28D614ED0011B39B /* PBXTargetDependency */ = {
			isa = PBXTargetDependency;
			target = 373D783928D614EA0011B39B /* swiftui-tutorial */;
			targetProxy = 373D784B28D614ED0011B39B /* PBXContainerItemProxy */;
		};
		373D785628D614ED0011B39B /* PBXTargetDependency */ = {
			isa = PBXTargetDependency;
			target = 373D783928D614EA0011B39B /* swiftui-tutorial */;
			targetProxy = 373D785528D614ED0011B39B /* PBXContainerItemProxy */;
		};
/* End PBXTargetDependency section */

/* Begin XCBuildConfiguration section */
		373D785C28D614ED0011B39B /* Debug */ = {
			isa = XCBuildConfiguration;
			buildSettings = {
				ALWAYS_SEARCH_USER_PATHS = NO;
				CLANG_ANALYZER_NONNULL = YES;
				CLANG_ANALYZER_NUMBER_OBJECT_CONVERSION = YES_AGGRESSIVE;
				CLANG_CXX_LANGUAGE_STANDARD = "gnu++17";
				CLANG_ENABLE_MODULES = YES;
				CLANG_ENABLE_OBJC_ARC = YES;
				CLANG_ENABLE_OBJC_WEAK = YES;
				CLANG_WARN_BLOCK_CAPTURE_AUTORELEASING = YES;
				CLANG_WARN_BOOL_CONVERSION = YES;
				CLANG_WARN_COMMA = YES;
				CLANG_WARN_CONSTANT_CONVERSION = YES;
				CLANG_WARN_DEPRECATED_OBJC_IMPLEMENTATIONS = YES;
				CLANG_WARN_DIRECT_OBJC_ISA_USAGE = YES_ERROR;
				CLANG_WARN_DOCUMENTATION_COMMENTS = YES;
				CLANG_WARN_EMPTY_BODY = YES;
				CLANG_WARN_ENUM_CONVERSION = YES;
				CLANG_WARN_INFINITE_RECURSION = YES;
				CLANG_WARN_INT_CONVERSION = YES;
				CLANG_WARN_NON_LITERAL_NULL_CONVERSION = YES;
				CLANG_WARN_OBJC_IMPLICIT_RETAIN_SELF = YES;
				CLANG_WARN_OBJC_LITERAL_CONVERSION = YES;
				CLANG_WARN_OBJC_ROOT_CLASS = YES_ERROR;
				CLANG_WARN_QUOTED_INCLUDE_IN_FRAMEWORK_HEADER = YES;
				CLANG_WARN_RANGE_LOOP_ANALYSIS = YES;
				CLANG_WARN_STRICT_PROTOTYPES = YES;
				CLANG_WARN_SUSPICIOUS_MOVE = YES;
				CLANG_WARN_UNGUARDED_AVAILABILITY = YES_AGGRESSIVE;
				CLANG_WARN_UNREACHABLE_CODE = YES;
				CLANG_WARN__DUPLICATE_METHOD_MATCH = YES;
				COPY_PHASE_STRIP = NO;
				DEBUG_INFORMATION_FORMAT = dwarf;
				ENABLE_STRICT_OBJC_MSGSEND = YES;
				ENABLE_TESTABILITY = YES;
				GCC_C_LANGUAGE_STANDARD = gnu11;
				GCC_DYNAMIC_NO_PIC = NO;
				GCC_NO_COMMON_BLOCKS = YES;
				GCC_OPTIMIZATION_LEVEL = 0;
				GCC_PREPROCESSOR_DEFINITIONS = (
					"DEBUG=1",
					"$(inherited)",
				);
				GCC_WARN_64_TO_32_BIT_CONVERSION = YES;
				GCC_WARN_ABOUT_RETURN_TYPE = YES_ERROR;
				GCC_WARN_UNDECLARED_SELECTOR = YES;
				GCC_WARN_UNINITIALIZED_AUTOS = YES_AGGRESSIVE;
				GCC_WARN_UNUSED_FUNCTION = YES;
				GCC_WARN_UNUSED_VARIABLE = YES;
				IPHONEOS_DEPLOYMENT_TARGET = 15.5;
				MTL_ENABLE_DEBUG_INFO = INCLUDE_SOURCE;
				MTL_FAST_MATH = YES;
				ONLY_ACTIVE_ARCH = YES;
				SDKROOT = iphoneos;
				SWIFT_ACTIVE_COMPILATION_CONDITIONS = DEBUG;
				SWIFT_OPTIMIZATION_LEVEL = "-Onone";
			};
			name = Debug;
		};
		373D785D28D614ED0011B39B /* Release */ = {
			isa = XCBuildConfiguration;
			buildSettings = {
				ALWAYS_SEARCH_USER_PATHS = NO;
				CLANG_ANALYZER_NONNULL = YES;
				CLANG_ANALYZER_NUMBER_OBJECT_CONVERSION = YES_AGGRESSIVE;
				CLANG_CXX_LANGUAGE_STANDARD = "gnu++17";
				CLANG_ENABLE_MODULES = YES;
				CLANG_ENABLE_OBJC_ARC = YES;
				CLANG_ENABLE_OBJC_WEAK = YES;
				CLANG_WARN_BLOCK_CAPTURE_AUTORELEASING = YES;
				CLANG_WARN_BOOL_CONVERSION = YES;
				CLANG_WARN_COMMA = YES;
				CLANG_WARN_CONSTANT_CONVERSION = YES;
				CLANG_WARN_DEPRECATED_OBJC_IMPLEMENTATIONS = YES;
				CLANG_WARN_DIRECT_OBJC_ISA_USAGE = YES_ERROR;
				CLANG_WARN_DOCUMENTATION_COMMENTS = YES;
				CLANG_WARN_EMPTY_BODY = YES;
				CLANG_WARN_ENUM_CONVERSION = YES;
				CLANG_WARN_INFINITE_RECURSION = YES;
				CLANG_WARN_INT_CONVERSION = YES;
				CLANG_WARN_NON_LITERAL_NULL_CONVERSION = YES;
				CLANG_WARN_OBJC_IMPLICIT_RETAIN_SELF = YES;
				CLANG_WARN_OBJC_LITERAL_CONVERSION = YES;
				CLANG_WARN_OBJC_ROOT_CLASS = YES_ERROR;
				CLANG_WARN_QUOTED_INCLUDE_IN_FRAMEWORK_HEADER = YES;
				CLANG_WARN_RANGE_LOOP_ANALYSIS = YES;
				CLANG_WARN_STRICT_PROTOTYPES = YES;
				CLANG_WARN_SUSPICIOUS_MOVE = YES;
				CLANG_WARN_UNGUARDED_AVAILABILITY = YES_AGGRESSIVE;
				CLANG_WARN_UNREACHABLE_CODE = YES;
				CLANG_WARN__DUPLICATE_METHOD_MATCH = YES;
				COPY_PHASE_STRIP = NO;
				DEBUG_INFORMATION_FORMAT = "dwarf-with-dsym";
				ENABLE_NS_ASSERTIONS = NO;
				ENABLE_STRICT_OBJC_MSGSEND = YES;
				GCC_C_LANGUAGE_STANDARD = gnu11;
				GCC_NO_COMMON_BLOCKS = YES;
				GCC_WARN_64_TO_32_BIT_CONVERSION = YES;
				GCC_WARN_ABOUT_RETURN_TYPE = YES_ERROR;
				GCC_WARN_UNDECLARED_SELECTOR = YES;
				GCC_WARN_UNINITIALIZED_AUTOS = YES_AGGRESSIVE;
				GCC_WARN_UNUSED_FUNCTION = YES;
				GCC_WARN_UNUSED_VARIABLE = YES;
				IPHONEOS_DEPLOYMENT_TARGET = 15.5;
				MTL_ENABLE_DEBUG_INFO = NO;
				MTL_FAST_MATH = YES;
				SDKROOT = iphoneos;
				SWIFT_COMPILATION_MODE = wholemodule;
				SWIFT_OPTIMIZATION_LEVEL = "-O";
				VALIDATE_PRODUCT = YES;
			};
			name = Release;
		};
		373D785F28D614ED0011B39B /* Debug */ = {
			isa = XCBuildConfiguration;
			buildSettings = {
				ASSETCATALOG_COMPILER_APPICON_NAME = AppIcon;
				ASSETCATALOG_COMPILER_GLOBAL_ACCENT_COLOR_NAME = AccentColor;
				CODE_SIGN_STYLE = Automatic;
				CURRENT_PROJECT_VERSION = 1;
				DEVELOPMENT_ASSET_PATHS = "\"swiftui-tutorial/Preview Content\"";
				DEVELOPMENT_TEAM = 85LSBGYCRW;
				ENABLE_PREVIEWS = YES;
				GENERATE_INFOPLIST_FILE = YES;
				INFOPLIST_KEY_UIApplicationSceneManifest_Generation = YES;
				INFOPLIST_KEY_UIApplicationSupportsIndirectInputEvents = YES;
				INFOPLIST_KEY_UILaunchScreen_Generation = YES;
				INFOPLIST_KEY_UISupportedInterfaceOrientations_iPad = "UIInterfaceOrientationPortrait UIInterfaceOrientationPortraitUpsideDown UIInterfaceOrientationLandscapeLeft UIInterfaceOrientationLandscapeRight";
				INFOPLIST_KEY_UISupportedInterfaceOrientations_iPhone = "UIInterfaceOrientationPortrait UIInterfaceOrientationLandscapeLeft UIInterfaceOrientationLandscapeRight";
				LD_RUNPATH_SEARCH_PATHS = (
					"$(inherited)",
					"@executable_path/Frameworks",
				);
				MARKETING_VERSION = 1.0;
				PRODUCT_BUNDLE_IDENTIFIER = "edu.gatech.nrios8.swiftui-tutorial";
				PRODUCT_NAME = "$(TARGET_NAME)";
				SWIFT_EMIT_LOC_STRINGS = YES;
				SWIFT_VERSION = 5.0;
				TARGETED_DEVICE_FAMILY = "1,2";
			};
			name = Debug;
		};
		373D786028D614ED0011B39B /* Release */ = {
			isa = XCBuildConfiguration;
			buildSettings = {
				ASSETCATALOG_COMPILER_APPICON_NAME = AppIcon;
				ASSETCATALOG_COMPILER_GLOBAL_ACCENT_COLOR_NAME = AccentColor;
				CODE_SIGN_STYLE = Automatic;
				CURRENT_PROJECT_VERSION = 1;
				DEVELOPMENT_ASSET_PATHS = "\"swiftui-tutorial/Preview Content\"";
				DEVELOPMENT_TEAM = 85LSBGYCRW;
				ENABLE_PREVIEWS = YES;
				GENERATE_INFOPLIST_FILE = YES;
				INFOPLIST_KEY_UIApplicationSceneManifest_Generation = YES;
				INFOPLIST_KEY_UIApplicationSupportsIndirectInputEvents = YES;
				INFOPLIST_KEY_UILaunchScreen_Generation = YES;
				INFOPLIST_KEY_UISupportedInterfaceOrientations_iPad = "UIInterfaceOrientationPortrait UIInterfaceOrientationPortraitUpsideDown UIInterfaceOrientationLandscapeLeft UIInterfaceOrientationLandscapeRight";
				INFOPLIST_KEY_UISupportedInterfaceOrientations_iPhone = "UIInterfaceOrientationPortrait UIInterfaceOrientationLandscapeLeft UIInterfaceOrientationLandscapeRight";
				LD_RUNPATH_SEARCH_PATHS = (
					"$(inherited)",
					"@executable_path/Frameworks",
				);
				MARKETING_VERSION = 1.0;
				PRODUCT_BUNDLE_IDENTIFIER = "edu.gatech.nrios8.swiftui-tutorial";
				PRODUCT_NAME = "$(TARGET_NAME)";
				SWIFT_EMIT_LOC_STRINGS = YES;
				SWIFT_VERSION = 5.0;
				TARGETED_DEVICE_FAMILY = "1,2";
			};
			name = Release;
		};
		373D786228D614ED0011B39B /* Debug */ = {
			isa = XCBuildConfiguration;
			buildSettings = {
				ALWAYS_EMBED_SWIFT_STANDARD_LIBRARIES = YES;
				BUNDLE_LOADER = "$(TEST_HOST)";
				CODE_SIGN_STYLE = Automatic;
				CURRENT_PROJECT_VERSION = 1;
				DEVELOPMENT_TEAM = W74M875CFC;
				GENERATE_INFOPLIST_FILE = YES;
				IPHONEOS_DEPLOYMENT_TARGET = 15.5;
				MARKETING_VERSION = 1.0;
				PRODUCT_BUNDLE_IDENTIFIER = "edu.gatech.nrios8.swiftui-tutorialTests";
				PRODUCT_NAME = "$(TARGET_NAME)";
				SWIFT_EMIT_LOC_STRINGS = NO;
				SWIFT_VERSION = 5.0;
				TARGETED_DEVICE_FAMILY = "1,2";
				TEST_HOST = "$(BUILT_PRODUCTS_DIR)/swiftui-tutorial.app/swiftui-tutorial";
			};
			name = Debug;
		};
		373D786328D614ED0011B39B /* Release */ = {
			isa = XCBuildConfiguration;
			buildSettings = {
				ALWAYS_EMBED_SWIFT_STANDARD_LIBRARIES = YES;
				BUNDLE_LOADER = "$(TEST_HOST)";
				CODE_SIGN_STYLE = Automatic;
				CURRENT_PROJECT_VERSION = 1;
				DEVELOPMENT_TEAM = W74M875CFC;
				GENERATE_INFOPLIST_FILE = YES;
				IPHONEOS_DEPLOYMENT_TARGET = 15.5;
				MARKETING_VERSION = 1.0;
				PRODUCT_BUNDLE_IDENTIFIER = "edu.gatech.nrios8.swiftui-tutorialTests";
				PRODUCT_NAME = "$(TARGET_NAME)";
				SWIFT_EMIT_LOC_STRINGS = NO;
				SWIFT_VERSION = 5.0;
				TARGETED_DEVICE_FAMILY = "1,2";
				TEST_HOST = "$(BUILT_PRODUCTS_DIR)/swiftui-tutorial.app/swiftui-tutorial";
			};
			name = Release;
		};
		373D786528D614ED0011B39B /* Debug */ = {
			isa = XCBuildConfiguration;
			buildSettings = {
				ALWAYS_EMBED_SWIFT_STANDARD_LIBRARIES = YES;
				CODE_SIGN_STYLE = Automatic;
				CURRENT_PROJECT_VERSION = 1;
				DEVELOPMENT_TEAM = W74M875CFC;
				GENERATE_INFOPLIST_FILE = YES;
				MARKETING_VERSION = 1.0;
				PRODUCT_BUNDLE_IDENTIFIER = "edu.gatech.nrios8.swiftui-tutorialUITests";
				PRODUCT_NAME = "$(TARGET_NAME)";
				SWIFT_EMIT_LOC_STRINGS = NO;
				SWIFT_VERSION = 5.0;
				TARGETED_DEVICE_FAMILY = "1,2";
				TEST_TARGET_NAME = "swiftui-tutorial";
			};
			name = Debug;
		};
		373D786628D614ED0011B39B /* Release */ = {
			isa = XCBuildConfiguration;
			buildSettings = {
				ALWAYS_EMBED_SWIFT_STANDARD_LIBRARIES = YES;
				CODE_SIGN_STYLE = Automatic;
				CURRENT_PROJECT_VERSION = 1;
				DEVELOPMENT_TEAM = W74M875CFC;
				GENERATE_INFOPLIST_FILE = YES;
				MARKETING_VERSION = 1.0;
				PRODUCT_BUNDLE_IDENTIFIER = "edu.gatech.nrios8.swiftui-tutorialUITests";
				PRODUCT_NAME = "$(TARGET_NAME)";
				SWIFT_EMIT_LOC_STRINGS = NO;
				SWIFT_VERSION = 5.0;
				TARGETED_DEVICE_FAMILY = "1,2";
				TEST_TARGET_NAME = "swiftui-tutorial";
			};
			name = Release;
		};
/* End XCBuildConfiguration section */

/* Begin XCConfigurationList section */
		373D783528D614EA0011B39B /* Build configuration list for PBXProject "swiftui-tutorial" */ = {
			isa = XCConfigurationList;
			buildConfigurations = (
				373D785C28D614ED0011B39B /* Debug */,
				373D785D28D614ED0011B39B /* Release */,
			);
			defaultConfigurationIsVisible = 0;
			defaultConfigurationName = Release;
		};
		373D785E28D614ED0011B39B /* Build configuration list for PBXNativeTarget "swiftui-tutorial" */ = {
			isa = XCConfigurationList;
			buildConfigurations = (
				373D785F28D614ED0011B39B /* Debug */,
				373D786028D614ED0011B39B /* Release */,
			);
			defaultConfigurationIsVisible = 0;
			defaultConfigurationName = Release;
		};
		373D786128D614ED0011B39B /* Build configuration list for PBXNativeTarget "swiftui-tutorialTests" */ = {
			isa = XCConfigurationList;
			buildConfigurations = (
				373D786228D614ED0011B39B /* Debug */,
				373D786328D614ED0011B39B /* Release */,
			);
			defaultConfigurationIsVisible = 0;
			defaultConfigurationName = Release;
		};
		373D786428D614ED0011B39B /* Build configuration list for PBXNativeTarget "swiftui-tutorialUITests" */ = {
			isa = XCConfigurationList;
			buildConfigurations = (
				373D786528D614ED0011B39B /* Debug */,
				373D786628D614ED0011B39B /* Release */,
			);
			defaultConfigurationIsVisible = 0;
			defaultConfigurationName = Release;
		};
/* End XCConfigurationList section */

/* Begin XCRemoteSwiftPackageReference section */
		A38E651828E89C6D003A8568 /* XCRemoteSwiftPackageReference "firebase-ios-sdk" */ = {
			isa = XCRemoteSwiftPackageReference;
			repositoryURL = "https://github.com/firebase/firebase-ios-sdk.git";
			requirement = {
				kind = upToNextMajorVersion;
				minimumVersion = 9.0.0;
			};
		};
/* End XCRemoteSwiftPackageReference section */

/* Begin XCSwiftPackageProductDependency section */
		A38E651928E89C6D003A8568 /* FirebaseAuth */ = {
			isa = XCSwiftPackageProductDependency;
			package = A38E651828E89C6D003A8568 /* XCRemoteSwiftPackageReference "firebase-ios-sdk" */;
			productName = FirebaseAuth;
		};
		A38E651B28E89C6D003A8568 /* FirebaseFirestore */ = {
			isa = XCSwiftPackageProductDependency;
			package = A38E651828E89C6D003A8568 /* XCRemoteSwiftPackageReference "firebase-ios-sdk" */;
			productName = FirebaseFirestore;
		};
		A38E651D28E89C6D003A8568 /* FirebaseFirestoreCombine-Community */ = {
			isa = XCSwiftPackageProductDependency;
			package = A38E651828E89C6D003A8568 /* XCRemoteSwiftPackageReference "firebase-ios-sdk" */;
			productName = "FirebaseFirestoreCombine-Community";
		};
		A38E651F28E89C6D003A8568 /* FirebaseFirestoreSwift */ = {
			isa = XCSwiftPackageProductDependency;
			package = A38E651828E89C6D003A8568 /* XCRemoteSwiftPackageReference "firebase-ios-sdk" */;
			productName = FirebaseFirestoreSwift;
		};
/* End XCSwiftPackageProductDependency section */
	};
	rootObject = 373D783228D614EA0011B39B /* Project object */;
}
